
Microsoft Visual Studio Solution File, Format Version 12.00
# Visual Studio Version 17
VisualStudioVersion = 17.13.35825.156 d17.13
MinimumVisualStudioVersion = 10.0.40219.1
Project("{FAE04EC0-301F-11D3-BF4B-00C04F79EFBC}") = "NotKayitSistemi", "NotKayitSistemi\NotKayitSistemi.csproj", "{57A473F6-31AA-4347-9F2E-3DAC83904014}"
EndProject
Global
	GlobalSection(SolutionConfigurationPlatforms) = preSolution
		Debug|Any CPU = Debug|Any CPU
		Release|Any CPU = Release|Any CPU
	EndGlobalSection
	GlobalSection(ProjectConfigurationPlatforms) = postSolution
		{57A473F6-31AA-4347-9F2E-3DAC83904014}.Debug|Any CPU.ActiveCfg = Debug|Any CPU
		{57A473F6-31AA-4347-9F2E-3DAC83904014}.Debug|Any CPU.Build.0 = Debug|Any CPU
		{57A473F6-31AA-4347-9F2E-3DAC83904014}.Release|Any CPU.ActiveCfg = Release|Any CPU
		{57A473F6-31AA-4347-9F2E-3DAC83904014}.Release|Any CPU.Build.0 = Release|Any CPU
	EndGlobalSection
	GlobalSection(SolutionProperties) = preSolution
		HideSolutionNode = FALSE
	EndGlobalSection
	GlobalSection(ExtensibilityGlobals) = postSolution
		SolutionGuid = {22F5700D-E93F-4573-813A-5C703C774FBB}
	EndGlobalSection
EndGlobal
